
Microsoft Visual Studio Solution File, Format Version 12.00
# Visual Studio Version 17
VisualStudioVersion = 17.14.36414.22
MinimumVisualStudioVersion = 10.0.40219.1
Project("{FAE04EC0-301F-11D3-BF4B-00C04F79EFBC}") = "E_ECOM_P", "E_ECOM_P\E_ECOM_P.csproj", "{87CB7230-A5BE-43C0-8329-D73DBB13C4D7}"
EndProject
Project("{FAE04EC0-301F-11D3-BF4B-00C04F79EFBC}") = "E_ECOM_P.Models", "E_COM_Models\E_ECOM_P.Models.csproj", "{EED3A36F-B406-4897-B4F8-30FFC7E06C7D}"
EndProject
Project("{FAE04EC0-301F-11D3-BF4B-00C04F79EFBC}") = "E_ECOM_P.DataAccess", "E_COM_DataAccess\E_ECOM_P.DataAccess.csproj", "{D885E0C0-60A7-46D6-AFB8-7CD63CB6CE7B}"
EndProject
Project("{FAE04EC0-301F-11D3-BF4B-00C04F79EFBC}") = "E_ECOM_P.Utility", "E_EOM_Utility\E_ECOM_P.Utility.csproj", "{551FBC40-14EB-498A-8002-5FF5B7730638}"
EndProject
Global
	GlobalSection(SolutionConfigurationPlatforms) = preSolution
		Debug|Any CPU = Debug|Any CPU
		Release|Any CPU = Release|Any CPU
	EndGlobalSection
	GlobalSection(ProjectConfigurationPlatforms) = postSolution
		{87CB7230-A5BE-43C0-8329-D73DBB13C4D7}.Debug|Any CPU.ActiveCfg = Debug|Any CPU
		{87CB7230-A5BE-43C0-8329-D73DBB13C4D7}.Debug|Any CPU.Build.0 = Debug|Any CPU
		{87CB7230-A5BE-43C0-8329-D73DBB13C4D7}.Release|Any CPU.ActiveCfg = Release|Any CPU
		{87CB7230-A5BE-43C0-8329-D73DBB13C4D7}.Release|Any CPU.Build.0 = Release|Any CPU
		{EED3A36F-B406-4897-B4F8-30FFC7E06C7D}.Debug|Any CPU.ActiveCfg = Debug|Any CPU
		{EED3A36F-B406-4897-B4F8-30FFC7E06C7D}.Debug|Any CPU.Build.0 = Debug|Any CPU
		{EED3A36F-B406-4897-B4F8-30FFC7E06C7D}.Release|Any CPU.ActiveCfg = Release|Any CPU
		{EED3A36F-B406-4897-B4F8-30FFC7E06C7D}.Release|Any CPU.Build.0 = Release|Any CPU
		{D885E0C0-60A7-46D6-AFB8-7CD63CB6CE7B}.Debug|Any CPU.ActiveCfg = Debug|Any CPU
		{D885E0C0-60A7-46D6-AFB8-7CD63CB6CE7B}.Debug|Any CPU.Build.0 = Debug|Any CPU
		{D885E0C0-60A7-46D6-AFB8-7CD63CB6CE7B}.Release|Any CPU.ActiveCfg = Release|Any CPU
		{D885E0C0-60A7-46D6-AFB8-7CD63CB6CE7B}.Release|Any CPU.Build.0 = Release|Any CPU
		{551FBC40-14EB-498A-8002-5FF5B7730638}.Debug|Any CPU.ActiveCfg = Debug|Any CPU
		{551FBC40-14EB-498A-8002-5FF5B7730638}.Debug|Any CPU.Build.0 = Debug|Any CPU
		{551FBC40-14EB-498A-8002-5FF5B7730638}.Release|Any CPU.ActiveCfg = Release|Any CPU
		{551FBC40-14EB-498A-8002-5FF5B7730638}.Release|Any CPU.Build.0 = Release|Any CPU
	EndGlobalSection
	GlobalSection(SolutionProperties) = preSolution
		HideSolutionNode = FALSE
	EndGlobalSection
	GlobalSection(ExtensibilityGlobals) = postSolution
		SolutionGuid = {C259F3EB-8713-41A4-A29C-A3C3938AFCC7}
	EndGlobalSection
EndGlobal
